
Microsoft Visual Studio Solution File, Format Version 12.00
# Visual Studio Version 17
VisualStudioVersion = 17.11.35327.3
MinimumVisualStudioVersion = 10.0.40219.1
Project("{FAE04EC0-301F-11D3-BF4B-00C04F79EFBC}") = "Domain", "Domain\Domain.csproj", "{5F9C97AF-561F-487D-A072-7C93D46E082A}"
EndProject
Project("{FAE04EC0-301F-11D3-BF4B-00C04F79EFBC}") = "Application", "Application\Application.csproj", "{5A83FAE0-ADCE-4FA3-874C-F5BC744AB7E8}"
EndProject
Project("{FAE04EC0-301F-11D3-BF4B-00C04F79EFBC}") = "Infrastructure", "Infrastructure\Infrastructure.csproj", "{974A9C1E-8700-4A48-A90C-C273B40D7F43}"
EndProject
Project("{FAE04EC0-301F-11D3-BF4B-00C04F79EFBC}") = "ApiEndpoint", "ApiEndpoint\ApiEndpoint.csproj", "{6B7AD032-DE06-4536-B8FC-2AC9C7B8928D}"
EndProject
Global
	GlobalSection(SolutionConfigurationPlatforms) = preSolution
		Debug|Any CPU = Debug|Any CPU
		Release|Any CPU = Release|Any CPU
	EndGlobalSection
	GlobalSection(ProjectConfigurationPlatforms) = postSolution
		{5F9C97AF-561F-487D-A072-7C93D46E082A}.Debug|Any CPU.ActiveCfg = Debug|Any CPU
		{5F9C97AF-561F-487D-A072-7C93D46E082A}.Debug|Any CPU.Build.0 = Debug|Any CPU
		{5F9C97AF-561F-487D-A072-7C93D46E082A}.Release|Any CPU.ActiveCfg = Release|Any CPU
		{5F9C97AF-561F-487D-A072-7C93D46E082A}.Release|Any CPU.Build.0 = Release|Any CPU
		{5A83FAE0-ADCE-4FA3-874C-F5BC744AB7E8}.Debug|Any CPU.ActiveCfg = Debug|Any CPU
		{5A83FAE0-ADCE-4FA3-874C-F5BC744AB7E8}.Debug|Any CPU.Build.0 = Debug|Any CPU
		{5A83FAE0-ADCE-4FA3-874C-F5BC744AB7E8}.Release|Any CPU.ActiveCfg = Release|Any CPU
		{5A83FAE0-ADCE-4FA3-874C-F5BC744AB7E8}.Release|Any CPU.Build.0 = Release|Any CPU
		{974A9C1E-8700-4A48-A90C-C273B40D7F43}.Debug|Any CPU.ActiveCfg = Debug|Any CPU
		{974A9C1E-8700-4A48-A90C-C273B40D7F43}.Debug|Any CPU.Build.0 = Debug|Any CPU
		{974A9C1E-8700-4A48-A90C-C273B40D7F43}.Release|Any CPU.ActiveCfg = Release|Any CPU
		{974A9C1E-8700-4A48-A90C-C273B40D7F43}.Release|Any CPU.Build.0 = Release|Any CPU
		{6B7AD032-DE06-4536-B8FC-2AC9C7B8928D}.Debug|Any CPU.ActiveCfg = Debug|Any CPU
		{6B7AD032-DE06-4536-B8FC-2AC9C7B8928D}.Debug|Any CPU.Build.0 = Debug|Any CPU
		{6B7AD032-DE06-4536-B8FC-2AC9C7B8928D}.Release|Any CPU.ActiveCfg = Release|Any CPU
		{6B7AD032-DE06-4536-B8FC-2AC9C7B8928D}.Release|Any CPU.Build.0 = Release|Any CPU
	EndGlobalSection
	GlobalSection(SolutionProperties) = preSolution
		HideSolutionNode = FALSE
	EndGlobalSection
	GlobalSection(ExtensibilityGlobals) = postSolution
		SolutionGuid = {AA12A5AA-4D12-4924-8F5E-8A3989ED743D}
	EndGlobalSection
EndGlobal
